
Microsoft Visual Studio Solution File, Format Version 12.00
# Visual Studio Version 16
VisualStudioVersion = 16.0.32802.440
MinimumVisualStudioVersion = 10.0.40219.1
Project("{FAE04EC0-301F-11D3-BF4B-00C04F79EFBC}") = "API-Files-UpDown-2", "API-Files-UpDown-2.csproj", "{1FBBF575-A52B-401D-B2D8-D286752844D8}"
EndProject
Global
	GlobalSection(SolutionConfigurationPlatforms) = preSolution
		Debug|Any CPU = Debug|Any CPU
		Release|Any CPU = Release|Any CPU
	EndGlobalSection
	GlobalSection(ProjectConfigurationPlatforms) = postSolution
		{1FBBF575-A52B-401D-B2D8-D286752844D8}.Debug|Any CPU.ActiveCfg = Debug|Any CPU
		{1FBBF575-A52B-401D-B2D8-D286752844D8}.Debug|Any CPU.Build.0 = Debug|Any CPU
		{1FBBF575-A52B-401D-B2D8-D286752844D8}.Release|Any CPU.ActiveCfg = Release|Any CPU
		{1FBBF575-A52B-401D-B2D8-D286752844D8}.Release|Any CPU.Build.0 = Release|Any CPU
	EndGlobalSection
	GlobalSection(SolutionProperties) = preSolution
		HideSolutionNode = FALSE
	EndGlobalSection
	GlobalSection(ExtensibilityGlobals) = postSolution
		SolutionGuid = {FA7E7CB3-766B-4E5F-B278-A7556F688D0C}
	EndGlobalSection
EndGlobal
